
Microsoft Visual Studio Solution File, Format Version 12.00
# Visual Studio 15
VisualStudioVersion = 15.0.27428.2015
MinimumVisualStudioVersion = 10.0.40219.1
Project("{9A19103F-16F7-4668-BE54-9A1E7A4F7556}") = "MetinGo", "MetinGo\MetinGo\MetinGo.csproj", "{33B7054F-86D8-4B1F-84DA-5E058CD4AAB8}"
EndProject
Project("{FAE04EC0-301F-11D3-BF4B-00C04F79EFBC}") = "MetinGo.Android", "MetinGo\MetinGo.Android\MetinGo.Android.csproj", "{395491BA-38B0-4F6A-85FB-2CBC8383684F}"
EndProject
Project("{FAE04EC0-301F-11D3-BF4B-00C04F79EFBC}") = "MetinGo.UWP", "MetinGo\MetinGo.UWP\MetinGo.UWP.csproj", "{C24DFEF8-A349-4D1C-A8B8-7900A32640A1}"
EndProject
Project("{9A19103F-16F7-4668-BE54-9A1E7A4F7556}") = "MetinGo.ApiModel", "MetinGo.ApiModel\MetinGo.ApiModel.csproj", "{A79C2965-5E86-4DF3-8A70-F8C2AF65E38D}"
EndProject
Global
	GlobalSection(SolutionConfigurationPlatforms) = preSolution
		Debug|Any CPU = Debug|Any CPU
		Debug|ARM = Debug|ARM
		Debug|x64 = Debug|x64
		Debug|x86 = Debug|x86
		Release|Any CPU = Release|Any CPU
		Release|ARM = Release|ARM
		Release|x64 = Release|x64
		Release|x86 = Release|x86
	EndGlobalSection
	GlobalSection(ProjectConfigurationPlatforms) = postSolution
		{33B7054F-86D8-4B1F-84DA-5E058CD4AAB8}.Debug|Any CPU.ActiveCfg = Debug|Any CPU
		{33B7054F-86D8-4B1F-84DA-5E058CD4AAB8}.Debug|Any CPU.Build.0 = Debug|Any CPU
		{33B7054F-86D8-4B1F-84DA-5E058CD4AAB8}.Debug|ARM.ActiveCfg = Debug|Any CPU
		{33B7054F-86D8-4B1F-84DA-5E058CD4AAB8}.Debug|ARM.Build.0 = Debug|Any CPU
		{33B7054F-86D8-4B1F-84DA-5E058CD4AAB8}.Debug|x64.ActiveCfg = Debug|Any CPU
		{33B7054F-86D8-4B1F-84DA-5E058CD4AAB8}.Debug|x64.Build.0 = Debug|Any CPU
		{33B7054F-86D8-4B1F-84DA-5E058CD4AAB8}.Debug|x86.ActiveCfg = Debug|Any CPU
		{33B7054F-86D8-4B1F-84DA-5E058CD4AAB8}.Debug|x86.Build.0 = Debug|Any CPU
		{33B7054F-86D8-4B1F-84DA-5E058CD4AAB8}.Release|Any CPU.ActiveCfg = Release|Any CPU
		{33B7054F-86D8-4B1F-84DA-5E058CD4AAB8}.Release|Any CPU.Build.0 = Release|Any CPU
		{33B7054F-86D8-4B1F-84DA-5E058CD4AAB8}.Release|ARM.ActiveCfg = Release|Any CPU
		{33B7054F-86D8-4B1F-84DA-5E058CD4AAB8}.Release|ARM.Build.0 = Release|Any CPU
		{33B7054F-86D8-4B1F-84DA-5E058CD4AAB8}.Release|x64.ActiveCfg = Release|Any CPU
		{33B7054F-86D8-4B1F-84DA-5E058CD4AAB8}.Release|x64.Build.0 = Release|Any CPU
		{33B7054F-86D8-4B1F-84DA-5E058CD4AAB8}.Release|x86.ActiveCfg = Release|Any CPU
		{33B7054F-86D8-4B1F-84DA-5E058CD4AAB8}.Release|x86.Build.0 = Release|Any CPU
		{395491BA-38B0-4F6A-85FB-2CBC8383684F}.Debug|Any CPU.ActiveCfg = Debug|Any CPU
		{395491BA-38B0-4F6A-85FB-2CBC8383684F}.Debug|Any CPU.Build.0 = Debug|Any CPU
		{395491BA-38B0-4F6A-85FB-2CBC8383684F}.Debug|Any CPU.Deploy.0 = Debug|Any CPU
		{395491BA-38B0-4F6A-85FB-2CBC8383684F}.Debug|ARM.ActiveCfg = Debug|Any CPU
		{395491BA-38B0-4F6A-85FB-2CBC8383684F}.Debug|ARM.Build.0 = Debug|Any CPU
		{395491BA-38B0-4F6A-85FB-2CBC8383684F}.Debug|ARM.Deploy.0 = Debug|Any CPU
		{395491BA-38B0-4F6A-85FB-2CBC8383684F}.Debug|x64.ActiveCfg = Debug|Any CPU
		{395491BA-38B0-4F6A-85FB-2CBC8383684F}.Debug|x64.Build.0 = Debug|Any CPU
		{395491BA-38B0-4F6A-85FB-2CBC8383684F}.Debug|x64.Deploy.0 = Debug|Any CPU
		{395491BA-38B0-4F6A-85FB-2CBC8383684F}.Debug|x86.ActiveCfg = Debug|Any CPU
		{395491BA-38B0-4F6A-85FB-2CBC8383684F}.Debug|x86.Build.0 = Debug|Any CPU
		{395491BA-38B0-4F6A-85FB-2CBC8383684F}.Debug|x86.Deploy.0 = Debug|Any CPU
		{395491BA-38B0-4F6A-85FB-2CBC8383684F}.Release|Any CPU.ActiveCfg = Release|Any CPU
		{395491BA-38B0-4F6A-85FB-2CBC8383684F}.Release|Any CPU.Build.0 = Release|Any CPU
		{395491BA-38B0-4F6A-85FB-2CBC8383684F}.Release|Any CPU.Deploy.0 = Release|Any CPU
		{395491BA-38B0-4F6A-85FB-2CBC8383684F}.Release|ARM.ActiveCfg = Release|Any CPU
		{395491BA-38B0-4F6A-85FB-2CBC8383684F}.Release|ARM.Build.0 = Release|Any CPU
		{395491BA-38B0-4F6A-85FB-2CBC8383684F}.Release|ARM.Deploy.0 = Release|Any CPU
		{395491BA-38B0-4F6A-85FB-2CBC8383684F}.Release|x64.ActiveCfg = Release|Any CPU
		{395491BA-38B0-4F6A-85FB-2CBC8383684F}.Release|x64.Build.0 = Release|Any CPU
		{395491BA-38B0-4F6A-85FB-2CBC8383684F}.Release|x64.Deploy.0 = Release|Any CPU
		{395491BA-38B0-4F6A-85FB-2CBC8383684F}.Release|x86.ActiveCfg = Release|Any CPU
		{395491BA-38B0-4F6A-85FB-2CBC8383684F}.Release|x86.Build.0 = Release|Any CPU
		{395491BA-38B0-4F6A-85FB-2CBC8383684F}.Release|x86.Deploy.0 = Release|Any CPU
		{C24DFEF8-A349-4D1C-A8B8-7900A32640A1}.Debug|Any CPU.ActiveCfg = Debug|x86
		{C24DFEF8-A349-4D1C-A8B8-7900A32640A1}.Debug|ARM.ActiveCfg = Debug|ARM
		{C24DFEF8-A349-4D1C-A8B8-7900A32640A1}.Debug|ARM.Build.0 = Debug|ARM
		{C24DFEF8-A349-4D1C-A8B8-7900A32640A1}.Debug|ARM.Deploy.0 = Debug|ARM
		{C24DFEF8-A349-4D1C-A8B8-7900A32640A1}.Debug|x64.ActiveCfg = Debug|x64
		{C24DFEF8-A349-4D1C-A8B8-7900A32640A1}.Debug|x64.Build.0 = Debug|x64
		{C24DFEF8-A349-4D1C-A8B8-7900A32640A1}.Debug|x64.Deploy.0 = Debug|x64
		{C24DFEF8-A349-4D1C-A8B8-7900A32640A1}.Debug|x86.ActiveCfg = Debug|x86
		{C24DFEF8-A349-4D1C-A8B8-7900A32640A1}.Debug|x86.Build.0 = Debug|x86
		{C24DFEF8-A349-4D1C-A8B8-7900A32640A1}.Debug|x86.Deploy.0 = Debug|x86
		{C24DFEF8-A349-4D1C-A8B8-7900A32640A1}.Release|Any CPU.ActiveCfg = Release|x86
		{C24DFEF8-A349-4D1C-A8B8-7900A32640A1}.Release|ARM.ActiveCfg = Release|ARM
		{C24DFEF8-A349-4D1C-A8B8-7900A32640A1}.Release|ARM.Build.0 = Release|ARM
		{C24DFEF8-A349-4D1C-A8B8-7900A32640A1}.Release|ARM.Deploy.0 = Release|ARM
		{C24DFEF8-A349-4D1C-A8B8-7900A32640A1}.Release|x64.ActiveCfg = Release|x64
		{C24DFEF8-A349-4D1C-A8B8-7900A32640A1}.Release|x64.Build.0 = Release|x64
		{C24DFEF8-A349-4D1C-A8B8-7900A32640A1}.Release|x64.Deploy.0 = Release|x64
		{C24DFEF8-A349-4D1C-A8B8-7900A32640A1}.Release|x86.ActiveCfg = Release|x86
		{C24DFEF8-A349-4D1C-A8B8-7900A32640A1}.Release|x86.Build.0 = Release|x86
		{C24DFEF8-A349-4D1C-A8B8-7900A32640A1}.Release|x86.Deploy.0 = Release|x86
		{A79C2965-5E86-4DF3-8A70-F8C2AF65E38D}.Debug|Any CPU.ActiveCfg = Debug|Any CPU
		{A79C2965-5E86-4DF3-8A70-F8C2AF65E38D}.Debug|Any CPU.Build.0 = Debug|Any CPU
		{A79C2965-5E86-4DF3-8A70-F8C2AF65E38D}.Debug|ARM.ActiveCfg = Debug|Any CPU
		{A79C2965-5E86-4DF3-8A70-F8C2AF65E38D}.Debug|ARM.Build.0 = Debug|Any CPU
		{A79C2965-5E86-4DF3-8A70-F8C2AF65E38D}.Debug|x64.ActiveCfg = Debug|Any CPU
		{A79C2965-5E86-4DF3-8A70-F8C2AF65E38D}.Debug|x64.Build.0 = Debug|Any CPU
		{A79C2965-5E86-4DF3-8A70-F8C2AF65E38D}.Debug|x86.ActiveCfg = Debug|Any CPU
		{A79C2965-5E86-4DF3-8A70-F8C2AF65E38D}.Debug|x86.Build.0 = Debug|Any CPU
		{A79C2965-5E86-4DF3-8A70-F8C2AF65E38D}.Release|Any CPU.ActiveCfg = Release|Any CPU
		{A79C2965-5E86-4DF3-8A70-F8C2AF65E38D}.Release|Any CPU.Build.0 = Release|Any CPU
		{A79C2965-5E86-4DF3-8A70-F8C2AF65E38D}.Release|ARM.ActiveCfg = Release|Any CPU
		{A79C2965-5E86-4DF3-8A70-F8C2AF65E38D}.Release|ARM.Build.0 = Release|Any CPU
		{A79C2965-5E86-4DF3-8A70-F8C2AF65E38D}.Release|x64.ActiveCfg = Release|Any CPU
		{A79C2965-5E86-4DF3-8A70-F8C2AF65E38D}.Release|x64.Build.0 = Release|Any CPU
		{A79C2965-5E86-4DF3-8A70-F8C2AF65E38D}.Release|x86.ActiveCfg = Release|Any CPU
		{A79C2965-5E86-4DF3-8A70-F8C2AF65E38D}.Release|x86.Build.0 = Release|Any CPU
	EndGlobalSection
	GlobalSection(SolutionProperties) = preSolution
		HideSolutionNode = FALSE
	EndGlobalSection
	GlobalSection(ExtensibilityGlobals) = postSolution
		SolutionGuid = {827FA350-5E56-479F-A4B3-1C1537319CBD}
	EndGlobalSection
EndGlobal
