
Microsoft Visual Studio Solution File, Format Version 12.00
# Visual Studio 15
VisualStudioVersion = 15.0.27428.2005
MinimumVisualStudioVersion = 10.0.40219.1
Project("{FAE04EC0-301F-11D3-BF4B-00C04F79EFBC}") = "MetinGo.Android", "MetinGo\MetinGo.Android\MetinGo.Android.csproj", "{395491BA-38B0-4F6A-85FB-2CBC8383684F}"
EndProject
Project("{FAE04EC0-301F-11D3-BF4B-00C04F79EFBC}") = "MetinGo.iOS", "MetinGo\MetinGo.iOS\MetinGo.iOS.csproj", "{FF5C6889-A06C-4CD2-AE7C-D50414F5F169}"
EndProject
Project("{FAE04EC0-301F-11D3-BF4B-00C04F79EFBC}") = "MetinGo.UWP", "MetinGo\MetinGo.UWP\MetinGo.UWP.csproj", "{C24DFEF8-A349-4D1C-A8B8-7900A32640A1}"
EndProject
Project("{9A19103F-16F7-4668-BE54-9A1E7A4F7556}") = "MetinGo", "MetinGo\MetinGo\MetinGo.csproj", "{63AA1D46-99AC-4FE2-85A6-CA7FBB9BA019}"
EndProject
Project("{9A19103F-16F7-4668-BE54-9A1E7A4F7556}") = "MetinGo.Server", "MetinGo.Server\MetinGo.Server.csproj", "{34C618CD-84D9-48BB-B634-1F1577F03FB3}"
EndProject
Project("{FAE04EC0-301F-11D3-BF4B-00C04F79EFBC}") = "MetinGo.ApiModel", "MetinGo.ApiModel\MetinGo.ApiModel.csproj", "{1FB68224-22EA-47A2-AB8C-528951E3CC78}"
EndProject
Global
	GlobalSection(SolutionConfigurationPlatforms) = preSolution
		Ad-Hoc|Any CPU = Ad-Hoc|Any CPU
		Ad-Hoc|ARM = Ad-Hoc|ARM
		Ad-Hoc|iPhone = Ad-Hoc|iPhone
		Ad-Hoc|iPhoneSimulator = Ad-Hoc|iPhoneSimulator
		Ad-Hoc|x64 = Ad-Hoc|x64
		Ad-Hoc|x86 = Ad-Hoc|x86
		AppStore|Any CPU = AppStore|Any CPU
		AppStore|ARM = AppStore|ARM
		AppStore|iPhone = AppStore|iPhone
		AppStore|iPhoneSimulator = AppStore|iPhoneSimulator
		AppStore|x64 = AppStore|x64
		AppStore|x86 = AppStore|x86
		Debug|Any CPU = Debug|Any CPU
		Debug|ARM = Debug|ARM
		Debug|iPhone = Debug|iPhone
		Debug|iPhoneSimulator = Debug|iPhoneSimulator
		Debug|x64 = Debug|x64
		Debug|x86 = Debug|x86
		Release|Any CPU = Release|Any CPU
		Release|ARM = Release|ARM
		Release|iPhone = Release|iPhone
		Release|iPhoneSimulator = Release|iPhoneSimulator
		Release|x64 = Release|x64
		Release|x86 = Release|x86
	EndGlobalSection
	GlobalSection(ProjectConfigurationPlatforms) = postSolution
		{395491BA-38B0-4F6A-85FB-2CBC8383684F}.Ad-Hoc|Any CPU.ActiveCfg = Release|Any CPU
		{395491BA-38B0-4F6A-85FB-2CBC8383684F}.Ad-Hoc|Any CPU.Build.0 = Release|Any CPU
		{395491BA-38B0-4F6A-85FB-2CBC8383684F}.Ad-Hoc|Any CPU.Deploy.0 = Release|Any CPU
		{395491BA-38B0-4F6A-85FB-2CBC8383684F}.Ad-Hoc|ARM.ActiveCfg = Release|Any CPU
		{395491BA-38B0-4F6A-85FB-2CBC8383684F}.Ad-Hoc|ARM.Build.0 = Release|Any CPU
		{395491BA-38B0-4F6A-85FB-2CBC8383684F}.Ad-Hoc|ARM.Deploy.0 = Release|Any CPU
		{395491BA-38B0-4F6A-85FB-2CBC8383684F}.Ad-Hoc|iPhone.ActiveCfg = Release|Any CPU
		{395491BA-38B0-4F6A-85FB-2CBC8383684F}.Ad-Hoc|iPhone.Build.0 = Release|Any CPU
		{395491BA-38B0-4F6A-85FB-2CBC8383684F}.Ad-Hoc|iPhone.Deploy.0 = Release|Any CPU
		{395491BA-38B0-4F6A-85FB-2CBC8383684F}.Ad-Hoc|iPhoneSimulator.ActiveCfg = Release|Any CPU
		{395491BA-38B0-4F6A-85FB-2CBC8383684F}.Ad-Hoc|iPhoneSimulator.Build.0 = Release|Any CPU
		{395491BA-38B0-4F6A-85FB-2CBC8383684F}.Ad-Hoc|iPhoneSimulator.Deploy.0 = Release|Any CPU
		{395491BA-38B0-4F6A-85FB-2CBC8383684F}.Ad-Hoc|x64.ActiveCfg = Release|Any CPU
		{395491BA-38B0-4F6A-85FB-2CBC8383684F}.Ad-Hoc|x64.Build.0 = Release|Any CPU
		{395491BA-38B0-4F6A-85FB-2CBC8383684F}.Ad-Hoc|x64.Deploy.0 = Release|Any CPU
		{395491BA-38B0-4F6A-85FB-2CBC8383684F}.Ad-Hoc|x86.ActiveCfg = Release|Any CPU
		{395491BA-38B0-4F6A-85FB-2CBC8383684F}.Ad-Hoc|x86.Build.0 = Release|Any CPU
		{395491BA-38B0-4F6A-85FB-2CBC8383684F}.Ad-Hoc|x86.Deploy.0 = Release|Any CPU
		{395491BA-38B0-4F6A-85FB-2CBC8383684F}.AppStore|Any CPU.ActiveCfg = Release|Any CPU
		{395491BA-38B0-4F6A-85FB-2CBC8383684F}.AppStore|Any CPU.Build.0 = Release|Any CPU
		{395491BA-38B0-4F6A-85FB-2CBC8383684F}.AppStore|Any CPU.Deploy.0 = Release|Any CPU
		{395491BA-38B0-4F6A-85FB-2CBC8383684F}.AppStore|ARM.ActiveCfg = Release|Any CPU
		{395491BA-38B0-4F6A-85FB-2CBC8383684F}.AppStore|ARM.Build.0 = Release|Any CPU
		{395491BA-38B0-4F6A-85FB-2CBC8383684F}.AppStore|ARM.Deploy.0 = Release|Any CPU
		{395491BA-38B0-4F6A-85FB-2CBC8383684F}.AppStore|iPhone.ActiveCfg = Release|Any CPU
		{395491BA-38B0-4F6A-85FB-2CBC8383684F}.AppStore|iPhone.Build.0 = Release|Any CPU
		{395491BA-38B0-4F6A-85FB-2CBC8383684F}.AppStore|iPhone.Deploy.0 = Release|Any CPU
		{395491BA-38B0-4F6A-85FB-2CBC8383684F}.AppStore|iPhoneSimulator.ActiveCfg = Release|Any CPU
		{395491BA-38B0-4F6A-85FB-2CBC8383684F}.AppStore|iPhoneSimulator.Build.0 = Release|Any CPU
		{395491BA-38B0-4F6A-85FB-2CBC8383684F}.AppStore|iPhoneSimulator.Deploy.0 = Release|Any CPU
		{395491BA-38B0-4F6A-85FB-2CBC8383684F}.AppStore|x64.ActiveCfg = Release|Any CPU
		{395491BA-38B0-4F6A-85FB-2CBC8383684F}.AppStore|x64.Build.0 = Release|Any CPU
		{395491BA-38B0-4F6A-85FB-2CBC8383684F}.AppStore|x64.Deploy.0 = Release|Any CPU
		{395491BA-38B0-4F6A-85FB-2CBC8383684F}.AppStore|x86.ActiveCfg = Release|Any CPU
		{395491BA-38B0-4F6A-85FB-2CBC8383684F}.AppStore|x86.Build.0 = Release|Any CPU
		{395491BA-38B0-4F6A-85FB-2CBC8383684F}.AppStore|x86.Deploy.0 = Release|Any CPU
		{395491BA-38B0-4F6A-85FB-2CBC8383684F}.Debug|Any CPU.ActiveCfg = Debug|Any CPU
		{395491BA-38B0-4F6A-85FB-2CBC8383684F}.Debug|Any CPU.Build.0 = Debug|Any CPU
		{395491BA-38B0-4F6A-85FB-2CBC8383684F}.Debug|Any CPU.Deploy.0 = Debug|Any CPU
		{395491BA-38B0-4F6A-85FB-2CBC8383684F}.Debug|ARM.ActiveCfg = Debug|Any CPU
		{395491BA-38B0-4F6A-85FB-2CBC8383684F}.Debug|ARM.Build.0 = Debug|Any CPU
		{395491BA-38B0-4F6A-85FB-2CBC8383684F}.Debug|ARM.Deploy.0 = Debug|Any CPU
		{395491BA-38B0-4F6A-85FB-2CBC8383684F}.Debug|iPhone.ActiveCfg = Debug|Any CPU
		{395491BA-38B0-4F6A-85FB-2CBC8383684F}.Debug|iPhone.Build.0 = Debug|Any CPU
		{395491BA-38B0-4F6A-85FB-2CBC8383684F}.Debug|iPhone.Deploy.0 = Debug|Any CPU
		{395491BA-38B0-4F6A-85FB-2CBC8383684F}.Debug|iPhoneSimulator.ActiveCfg = Debug|Any CPU
		{395491BA-38B0-4F6A-85FB-2CBC8383684F}.Debug|iPhoneSimulator.Build.0 = Debug|Any CPU
		{395491BA-38B0-4F6A-85FB-2CBC8383684F}.Debug|iPhoneSimulator.Deploy.0 = Debug|Any CPU
		{395491BA-38B0-4F6A-85FB-2CBC8383684F}.Debug|x64.ActiveCfg = Debug|Any CPU
		{395491BA-38B0-4F6A-85FB-2CBC8383684F}.Debug|x64.Build.0 = Debug|Any CPU
		{395491BA-38B0-4F6A-85FB-2CBC8383684F}.Debug|x64.Deploy.0 = Debug|Any CPU
		{395491BA-38B0-4F6A-85FB-2CBC8383684F}.Debug|x86.ActiveCfg = Debug|Any CPU
		{395491BA-38B0-4F6A-85FB-2CBC8383684F}.Debug|x86.Build.0 = Debug|Any CPU
		{395491BA-38B0-4F6A-85FB-2CBC8383684F}.Debug|x86.Deploy.0 = Debug|Any CPU
		{395491BA-38B0-4F6A-85FB-2CBC8383684F}.Release|Any CPU.ActiveCfg = Release|Any CPU
		{395491BA-38B0-4F6A-85FB-2CBC8383684F}.Release|Any CPU.Build.0 = Release|Any CPU
		{395491BA-38B0-4F6A-85FB-2CBC8383684F}.Release|Any CPU.Deploy.0 = Release|Any CPU
		{395491BA-38B0-4F6A-85FB-2CBC8383684F}.Release|ARM.ActiveCfg = Release|Any CPU
		{395491BA-38B0-4F6A-85FB-2CBC8383684F}.Release|ARM.Build.0 = Release|Any CPU
		{395491BA-38B0-4F6A-85FB-2CBC8383684F}.Release|ARM.Deploy.0 = Release|Any CPU
		{395491BA-38B0-4F6A-85FB-2CBC8383684F}.Release|iPhone.ActiveCfg = Release|Any CPU
		{395491BA-38B0-4F6A-85FB-2CBC8383684F}.Release|iPhone.Build.0 = Release|Any CPU
		{395491BA-38B0-4F6A-85FB-2CBC8383684F}.Release|iPhone.Deploy.0 = Release|Any CPU
		{395491BA-38B0-4F6A-85FB-2CBC8383684F}.Release|iPhoneSimulator.ActiveCfg = Release|Any CPU
		{395491BA-38B0-4F6A-85FB-2CBC8383684F}.Release|iPhoneSimulator.Build.0 = Release|Any CPU
		{395491BA-38B0-4F6A-85FB-2CBC8383684F}.Release|iPhoneSimulator.Deploy.0 = Release|Any CPU
		{395491BA-38B0-4F6A-85FB-2CBC8383684F}.Release|x64.ActiveCfg = Release|Any CPU
		{395491BA-38B0-4F6A-85FB-2CBC8383684F}.Release|x64.Build.0 = Release|Any CPU
		{395491BA-38B0-4F6A-85FB-2CBC8383684F}.Release|x64.Deploy.0 = Release|Any CPU
		{395491BA-38B0-4F6A-85FB-2CBC8383684F}.Release|x86.ActiveCfg = Release|Any CPU
		{395491BA-38B0-4F6A-85FB-2CBC8383684F}.Release|x86.Build.0 = Release|Any CPU
		{395491BA-38B0-4F6A-85FB-2CBC8383684F}.Release|x86.Deploy.0 = Release|Any CPU
		{FF5C6889-A06C-4CD2-AE7C-D50414F5F169}.Ad-Hoc|Any CPU.ActiveCfg = Ad-Hoc|iPhone
		{FF5C6889-A06C-4CD2-AE7C-D50414F5F169}.Ad-Hoc|ARM.ActiveCfg = Ad-Hoc|iPhone
		{FF5C6889-A06C-4CD2-AE7C-D50414F5F169}.Ad-Hoc|iPhone.ActiveCfg = Ad-Hoc|iPhone
		{FF5C6889-A06C-4CD2-AE7C-D50414F5F169}.Ad-Hoc|iPhone.Build.0 = Ad-Hoc|iPhone
		{FF5C6889-A06C-4CD2-AE7C-D50414F5F169}.Ad-Hoc|iPhoneSimulator.ActiveCfg = Ad-Hoc|iPhoneSimulator
		{FF5C6889-A06C-4CD2-AE7C-D50414F5F169}.Ad-Hoc|iPhoneSimulator.Build.0 = Ad-Hoc|iPhoneSimulator
		{FF5C6889-A06C-4CD2-AE7C-D50414F5F169}.Ad-Hoc|x64.ActiveCfg = Ad-Hoc|iPhone
		{FF5C6889-A06C-4CD2-AE7C-D50414F5F169}.Ad-Hoc|x86.ActiveCfg = Ad-Hoc|iPhone
		{FF5C6889-A06C-4CD2-AE7C-D50414F5F169}.AppStore|Any CPU.ActiveCfg = AppStore|iPhone
		{FF5C6889-A06C-4CD2-AE7C-D50414F5F169}.AppStore|ARM.ActiveCfg = AppStore|iPhone
		{FF5C6889-A06C-4CD2-AE7C-D50414F5F169}.AppStore|iPhone.ActiveCfg = AppStore|iPhone
		{FF5C6889-A06C-4CD2-AE7C-D50414F5F169}.AppStore|iPhone.Build.0 = AppStore|iPhone
		{FF5C6889-A06C-4CD2-AE7C-D50414F5F169}.AppStore|iPhoneSimulator.ActiveCfg = AppStore|iPhoneSimulator
		{FF5C6889-A06C-4CD2-AE7C-D50414F5F169}.AppStore|iPhoneSimulator.Build.0 = AppStore|iPhoneSimulator
		{FF5C6889-A06C-4CD2-AE7C-D50414F5F169}.AppStore|x64.ActiveCfg = AppStore|iPhone
		{FF5C6889-A06C-4CD2-AE7C-D50414F5F169}.AppStore|x86.ActiveCfg = AppStore|iPhone
		{FF5C6889-A06C-4CD2-AE7C-D50414F5F169}.Debug|Any CPU.ActiveCfg = Debug|iPhone
		{FF5C6889-A06C-4CD2-AE7C-D50414F5F169}.Debug|ARM.ActiveCfg = Debug|iPhone
		{FF5C6889-A06C-4CD2-AE7C-D50414F5F169}.Debug|iPhone.ActiveCfg = Debug|iPhone
		{FF5C6889-A06C-4CD2-AE7C-D50414F5F169}.Debug|iPhone.Build.0 = Debug|iPhone
		{FF5C6889-A06C-4CD2-AE7C-D50414F5F169}.Debug|iPhoneSimulator.ActiveCfg = Debug|iPhoneSimulator
		{FF5C6889-A06C-4CD2-AE7C-D50414F5F169}.Debug|iPhoneSimulator.Build.0 = Debug|iPhoneSimulator
		{FF5C6889-A06C-4CD2-AE7C-D50414F5F169}.Debug|x64.ActiveCfg = Debug|iPhone
		{FF5C6889-A06C-4CD2-AE7C-D50414F5F169}.Debug|x86.ActiveCfg = Debug|iPhone
		{FF5C6889-A06C-4CD2-AE7C-D50414F5F169}.Release|Any CPU.ActiveCfg = Release|iPhone
		{FF5C6889-A06C-4CD2-AE7C-D50414F5F169}.Release|ARM.ActiveCfg = Release|iPhone
		{FF5C6889-A06C-4CD2-AE7C-D50414F5F169}.Release|iPhone.ActiveCfg = Release|iPhone
		{FF5C6889-A06C-4CD2-AE7C-D50414F5F169}.Release|iPhone.Build.0 = Release|iPhone
		{FF5C6889-A06C-4CD2-AE7C-D50414F5F169}.Release|iPhoneSimulator.ActiveCfg = Release|iPhoneSimulator
		{FF5C6889-A06C-4CD2-AE7C-D50414F5F169}.Release|iPhoneSimulator.Build.0 = Release|iPhoneSimulator
		{FF5C6889-A06C-4CD2-AE7C-D50414F5F169}.Release|x64.ActiveCfg = Release|iPhone
		{FF5C6889-A06C-4CD2-AE7C-D50414F5F169}.Release|x86.ActiveCfg = Release|iPhone
		{C24DFEF8-A349-4D1C-A8B8-7900A32640A1}.Ad-Hoc|Any CPU.ActiveCfg = Release|x86
		{C24DFEF8-A349-4D1C-A8B8-7900A32640A1}.Ad-Hoc|Any CPU.Build.0 = Release|x86
		{C24DFEF8-A349-4D1C-A8B8-7900A32640A1}.Ad-Hoc|Any CPU.Deploy.0 = Release|x86
		{C24DFEF8-A349-4D1C-A8B8-7900A32640A1}.Ad-Hoc|ARM.ActiveCfg = Release|ARM
		{C24DFEF8-A349-4D1C-A8B8-7900A32640A1}.Ad-Hoc|ARM.Build.0 = Release|ARM
		{C24DFEF8-A349-4D1C-A8B8-7900A32640A1}.Ad-Hoc|ARM.Deploy.0 = Release|ARM
		{C24DFEF8-A349-4D1C-A8B8-7900A32640A1}.Ad-Hoc|iPhone.ActiveCfg = Release|x86
		{C24DFEF8-A349-4D1C-A8B8-7900A32640A1}.Ad-Hoc|iPhone.Build.0 = Release|x86
		{C24DFEF8-A349-4D1C-A8B8-7900A32640A1}.Ad-Hoc|iPhone.Deploy.0 = Release|x86
		{C24DFEF8-A349-4D1C-A8B8-7900A32640A1}.Ad-Hoc|iPhoneSimulator.ActiveCfg = Release|x86
		{C24DFEF8-A349-4D1C-A8B8-7900A32640A1}.Ad-Hoc|iPhoneSimulator.Build.0 = Release|x86
		{C24DFEF8-A349-4D1C-A8B8-7900A32640A1}.Ad-Hoc|iPhoneSimulator.Deploy.0 = Release|x86
		{C24DFEF8-A349-4D1C-A8B8-7900A32640A1}.Ad-Hoc|x64.ActiveCfg = Release|x64
		{C24DFEF8-A349-4D1C-A8B8-7900A32640A1}.Ad-Hoc|x64.Build.0 = Release|x64
		{C24DFEF8-A349-4D1C-A8B8-7900A32640A1}.Ad-Hoc|x64.Deploy.0 = Release|x64
		{C24DFEF8-A349-4D1C-A8B8-7900A32640A1}.Ad-Hoc|x86.ActiveCfg = Release|x86
		{C24DFEF8-A349-4D1C-A8B8-7900A32640A1}.Ad-Hoc|x86.Build.0 = Release|x86
		{C24DFEF8-A349-4D1C-A8B8-7900A32640A1}.Ad-Hoc|x86.Deploy.0 = Release|x86
		{C24DFEF8-A349-4D1C-A8B8-7900A32640A1}.AppStore|Any CPU.ActiveCfg = Release|x86
		{C24DFEF8-A349-4D1C-A8B8-7900A32640A1}.AppStore|Any CPU.Build.0 = Release|x86
		{C24DFEF8-A349-4D1C-A8B8-7900A32640A1}.AppStore|Any CPU.Deploy.0 = Release|x86
		{C24DFEF8-A349-4D1C-A8B8-7900A32640A1}.AppStore|ARM.ActiveCfg = Release|ARM
		{C24DFEF8-A349-4D1C-A8B8-7900A32640A1}.AppStore|ARM.Build.0 = Release|ARM
		{C24DFEF8-A349-4D1C-A8B8-7900A32640A1}.AppStore|ARM.Deploy.0 = Release|ARM
		{C24DFEF8-A349-4D1C-A8B8-7900A32640A1}.AppStore|iPhone.ActiveCfg = Release|x86
		{C24DFEF8-A349-4D1C-A8B8-7900A32640A1}.AppStore|iPhone.Build.0 = Release|x86
		{C24DFEF8-A349-4D1C-A8B8-7900A32640A1}.AppStore|iPhone.Deploy.0 = Release|x86
		{C24DFEF8-A349-4D1C-A8B8-7900A32640A1}.AppStore|iPhoneSimulator.ActiveCfg = Release|x86
		{C24DFEF8-A349-4D1C-A8B8-7900A32640A1}.AppStore|iPhoneSimulator.Build.0 = Release|x86
		{C24DFEF8-A349-4D1C-A8B8-7900A32640A1}.AppStore|iPhoneSimulator.Deploy.0 = Release|x86
		{C24DFEF8-A349-4D1C-A8B8-7900A32640A1}.AppStore|x64.ActiveCfg = Release|x64
		{C24DFEF8-A349-4D1C-A8B8-7900A32640A1}.AppStore|x64.Build.0 = Release|x64
		{C24DFEF8-A349-4D1C-A8B8-7900A32640A1}.AppStore|x64.Deploy.0 = Release|x64
		{C24DFEF8-A349-4D1C-A8B8-7900A32640A1}.AppStore|x86.ActiveCfg = Release|x86
		{C24DFEF8-A349-4D1C-A8B8-7900A32640A1}.AppStore|x86.Build.0 = Release|x86
		{C24DFEF8-A349-4D1C-A8B8-7900A32640A1}.AppStore|x86.Deploy.0 = Release|x86
		{C24DFEF8-A349-4D1C-A8B8-7900A32640A1}.Debug|Any CPU.ActiveCfg = Debug|x86
		{C24DFEF8-A349-4D1C-A8B8-7900A32640A1}.Debug|ARM.ActiveCfg = Debug|ARM
		{C24DFEF8-A349-4D1C-A8B8-7900A32640A1}.Debug|ARM.Build.0 = Debug|ARM
		{C24DFEF8-A349-4D1C-A8B8-7900A32640A1}.Debug|ARM.Deploy.0 = Debug|ARM
		{C24DFEF8-A349-4D1C-A8B8-7900A32640A1}.Debug|iPhone.ActiveCfg = Debug|x86
		{C24DFEF8-A349-4D1C-A8B8-7900A32640A1}.Debug|iPhoneSimulator.ActiveCfg = Debug|x86
		{C24DFEF8-A349-4D1C-A8B8-7900A32640A1}.Debug|x64.ActiveCfg = Debug|x64
		{C24DFEF8-A349-4D1C-A8B8-7900A32640A1}.Debug|x64.Build.0 = Debug|x64
		{C24DFEF8-A349-4D1C-A8B8-7900A32640A1}.Debug|x64.Deploy.0 = Debug|x64
		{C24DFEF8-A349-4D1C-A8B8-7900A32640A1}.Debug|x86.ActiveCfg = Debug|x86
		{C24DFEF8-A349-4D1C-A8B8-7900A32640A1}.Debug|x86.Build.0 = Debug|x86
		{C24DFEF8-A349-4D1C-A8B8-7900A32640A1}.Debug|x86.Deploy.0 = Debug|x86
		{C24DFEF8-A349-4D1C-A8B8-7900A32640A1}.Release|Any CPU.ActiveCfg = Release|x86
		{C24DFEF8-A349-4D1C-A8B8-7900A32640A1}.Release|ARM.ActiveCfg = Release|ARM
		{C24DFEF8-A349-4D1C-A8B8-7900A32640A1}.Release|ARM.Build.0 = Release|ARM
		{C24DFEF8-A349-4D1C-A8B8-7900A32640A1}.Release|ARM.Deploy.0 = Release|ARM
		{C24DFEF8-A349-4D1C-A8B8-7900A32640A1}.Release|iPhone.ActiveCfg = Release|x86
		{C24DFEF8-A349-4D1C-A8B8-7900A32640A1}.Release|iPhoneSimulator.ActiveCfg = Release|x86
		{C24DFEF8-A349-4D1C-A8B8-7900A32640A1}.Release|x64.ActiveCfg = Release|x64
		{C24DFEF8-A349-4D1C-A8B8-7900A32640A1}.Release|x64.Build.0 = Release|x64
		{C24DFEF8-A349-4D1C-A8B8-7900A32640A1}.Release|x64.Deploy.0 = Release|x64
		{C24DFEF8-A349-4D1C-A8B8-7900A32640A1}.Release|x86.ActiveCfg = Release|x86
		{C24DFEF8-A349-4D1C-A8B8-7900A32640A1}.Release|x86.Build.0 = Release|x86
		{C24DFEF8-A349-4D1C-A8B8-7900A32640A1}.Release|x86.Deploy.0 = Release|x86
		{63AA1D46-99AC-4FE2-85A6-CA7FBB9BA019}.Ad-Hoc|Any CPU.ActiveCfg = Debug|Any CPU
		{63AA1D46-99AC-4FE2-85A6-CA7FBB9BA019}.Ad-Hoc|Any CPU.Build.0 = Debug|Any CPU
		{63AA1D46-99AC-4FE2-85A6-CA7FBB9BA019}.Ad-Hoc|ARM.ActiveCfg = Debug|Any CPU
		{63AA1D46-99AC-4FE2-85A6-CA7FBB9BA019}.Ad-Hoc|ARM.Build.0 = Debug|Any CPU
		{63AA1D46-99AC-4FE2-85A6-CA7FBB9BA019}.Ad-Hoc|iPhone.ActiveCfg = Debug|Any CPU
		{63AA1D46-99AC-4FE2-85A6-CA7FBB9BA019}.Ad-Hoc|iPhone.Build.0 = Debug|Any CPU
		{63AA1D46-99AC-4FE2-85A6-CA7FBB9BA019}.Ad-Hoc|iPhoneSimulator.ActiveCfg = Debug|Any CPU
		{63AA1D46-99AC-4FE2-85A6-CA7FBB9BA019}.Ad-Hoc|iPhoneSimulator.Build.0 = Debug|Any CPU
		{63AA1D46-99AC-4FE2-85A6-CA7FBB9BA019}.Ad-Hoc|x64.ActiveCfg = Debug|Any CPU
		{63AA1D46-99AC-4FE2-85A6-CA7FBB9BA019}.Ad-Hoc|x64.Build.0 = Debug|Any CPU
		{63AA1D46-99AC-4FE2-85A6-CA7FBB9BA019}.Ad-Hoc|x86.ActiveCfg = Debug|Any CPU
		{63AA1D46-99AC-4FE2-85A6-CA7FBB9BA019}.Ad-Hoc|x86.Build.0 = Debug|Any CPU
		{63AA1D46-99AC-4FE2-85A6-CA7FBB9BA019}.AppStore|Any CPU.ActiveCfg = Debug|Any CPU
		{63AA1D46-99AC-4FE2-85A6-CA7FBB9BA019}.AppStore|Any CPU.Build.0 = Debug|Any CPU
		{63AA1D46-99AC-4FE2-85A6-CA7FBB9BA019}.AppStore|ARM.ActiveCfg = Debug|Any CPU
		{63AA1D46-99AC-4FE2-85A6-CA7FBB9BA019}.AppStore|ARM.Build.0 = Debug|Any CPU
		{63AA1D46-99AC-4FE2-85A6-CA7FBB9BA019}.AppStore|iPhone.ActiveCfg = Debug|Any CPU
		{63AA1D46-99AC-4FE2-85A6-CA7FBB9BA019}.AppStore|iPhone.Build.0 = Debug|Any CPU
		{63AA1D46-99AC-4FE2-85A6-CA7FBB9BA019}.AppStore|iPhoneSimulator.ActiveCfg = Debug|Any CPU
		{63AA1D46-99AC-4FE2-85A6-CA7FBB9BA019}.AppStore|iPhoneSimulator.Build.0 = Debug|Any CPU
		{63AA1D46-99AC-4FE2-85A6-CA7FBB9BA019}.AppStore|x64.ActiveCfg = Debug|Any CPU
		{63AA1D46-99AC-4FE2-85A6-CA7FBB9BA019}.AppStore|x64.Build.0 = Debug|Any CPU
		{63AA1D46-99AC-4FE2-85A6-CA7FBB9BA019}.AppStore|x86.ActiveCfg = Debug|Any CPU
		{63AA1D46-99AC-4FE2-85A6-CA7FBB9BA019}.AppStore|x86.Build.0 = Debug|Any CPU
		{63AA1D46-99AC-4FE2-85A6-CA7FBB9BA019}.Debug|Any CPU.ActiveCfg = Debug|Any CPU
		{63AA1D46-99AC-4FE2-85A6-CA7FBB9BA019}.Debug|Any CPU.Build.0 = Debug|Any CPU
		{63AA1D46-99AC-4FE2-85A6-CA7FBB9BA019}.Debug|ARM.ActiveCfg = Debug|Any CPU
		{63AA1D46-99AC-4FE2-85A6-CA7FBB9BA019}.Debug|ARM.Build.0 = Debug|Any CPU
		{63AA1D46-99AC-4FE2-85A6-CA7FBB9BA019}.Debug|iPhone.ActiveCfg = Debug|Any CPU
		{63AA1D46-99AC-4FE2-85A6-CA7FBB9BA019}.Debug|iPhone.Build.0 = Debug|Any CPU
		{63AA1D46-99AC-4FE2-85A6-CA7FBB9BA019}.Debug|iPhoneSimulator.ActiveCfg = Debug|Any CPU
		{63AA1D46-99AC-4FE2-85A6-CA7FBB9BA019}.Debug|iPhoneSimulator.Build.0 = Debug|Any CPU
		{63AA1D46-99AC-4FE2-85A6-CA7FBB9BA019}.Debug|x64.ActiveCfg = Debug|Any CPU
		{63AA1D46-99AC-4FE2-85A6-CA7FBB9BA019}.Debug|x64.Build.0 = Debug|Any CPU
		{63AA1D46-99AC-4FE2-85A6-CA7FBB9BA019}.Debug|x86.ActiveCfg = Debug|Any CPU
		{63AA1D46-99AC-4FE2-85A6-CA7FBB9BA019}.Debug|x86.Build.0 = Debug|Any CPU
		{63AA1D46-99AC-4FE2-85A6-CA7FBB9BA019}.Release|Any CPU.ActiveCfg = Release|Any CPU
		{63AA1D46-99AC-4FE2-85A6-CA7FBB9BA019}.Release|Any CPU.Build.0 = Release|Any CPU
		{63AA1D46-99AC-4FE2-85A6-CA7FBB9BA019}.Release|ARM.ActiveCfg = Release|Any CPU
		{63AA1D46-99AC-4FE2-85A6-CA7FBB9BA019}.Release|ARM.Build.0 = Release|Any CPU
		{63AA1D46-99AC-4FE2-85A6-CA7FBB9BA019}.Release|iPhone.ActiveCfg = Release|Any CPU
		{63AA1D46-99AC-4FE2-85A6-CA7FBB9BA019}.Release|iPhone.Build.0 = Release|Any CPU
		{63AA1D46-99AC-4FE2-85A6-CA7FBB9BA019}.Release|iPhoneSimulator.ActiveCfg = Release|Any CPU
		{63AA1D46-99AC-4FE2-85A6-CA7FBB9BA019}.Release|iPhoneSimulator.Build.0 = Release|Any CPU
		{63AA1D46-99AC-4FE2-85A6-CA7FBB9BA019}.Release|x64.ActiveCfg = Release|Any CPU
		{63AA1D46-99AC-4FE2-85A6-CA7FBB9BA019}.Release|x64.Build.0 = Release|Any CPU
		{63AA1D46-99AC-4FE2-85A6-CA7FBB9BA019}.Release|x86.ActiveCfg = Release|Any CPU
		{63AA1D46-99AC-4FE2-85A6-CA7FBB9BA019}.Release|x86.Build.0 = Release|Any CPU
		{34C618CD-84D9-48BB-B634-1F1577F03FB3}.Ad-Hoc|Any CPU.ActiveCfg = Debug|Any CPU
		{34C618CD-84D9-48BB-B634-1F1577F03FB3}.Ad-Hoc|Any CPU.Build.0 = Debug|Any CPU
		{34C618CD-84D9-48BB-B634-1F1577F03FB3}.Ad-Hoc|ARM.ActiveCfg = Debug|Any CPU
		{34C618CD-84D9-48BB-B634-1F1577F03FB3}.Ad-Hoc|ARM.Build.0 = Debug|Any CPU
		{34C618CD-84D9-48BB-B634-1F1577F03FB3}.Ad-Hoc|iPhone.ActiveCfg = Debug|Any CPU
		{34C618CD-84D9-48BB-B634-1F1577F03FB3}.Ad-Hoc|iPhone.Build.0 = Debug|Any CPU
		{34C618CD-84D9-48BB-B634-1F1577F03FB3}.Ad-Hoc|iPhoneSimulator.ActiveCfg = Debug|Any CPU
		{34C618CD-84D9-48BB-B634-1F1577F03FB3}.Ad-Hoc|iPhoneSimulator.Build.0 = Debug|Any CPU
		{34C618CD-84D9-48BB-B634-1F1577F03FB3}.Ad-Hoc|x64.ActiveCfg = Debug|Any CPU
		{34C618CD-84D9-48BB-B634-1F1577F03FB3}.Ad-Hoc|x64.Build.0 = Debug|Any CPU
		{34C618CD-84D9-48BB-B634-1F1577F03FB3}.Ad-Hoc|x86.ActiveCfg = Debug|Any CPU
		{34C618CD-84D9-48BB-B634-1F1577F03FB3}.Ad-Hoc|x86.Build.0 = Debug|Any CPU
		{34C618CD-84D9-48BB-B634-1F1577F03FB3}.AppStore|Any CPU.ActiveCfg = Debug|Any CPU
		{34C618CD-84D9-48BB-B634-1F1577F03FB3}.AppStore|Any CPU.Build.0 = Debug|Any CPU
		{34C618CD-84D9-48BB-B634-1F1577F03FB3}.AppStore|ARM.ActiveCfg = Debug|Any CPU
		{34C618CD-84D9-48BB-B634-1F1577F03FB3}.AppStore|ARM.Build.0 = Debug|Any CPU
		{34C618CD-84D9-48BB-B634-1F1577F03FB3}.AppStore|iPhone.ActiveCfg = Debug|Any CPU
		{34C618CD-84D9-48BB-B634-1F1577F03FB3}.AppStore|iPhone.Build.0 = Debug|Any CPU
		{34C618CD-84D9-48BB-B634-1F1577F03FB3}.AppStore|iPhoneSimulator.ActiveCfg = Debug|Any CPU
		{34C618CD-84D9-48BB-B634-1F1577F03FB3}.AppStore|iPhoneSimulator.Build.0 = Debug|Any CPU
		{34C618CD-84D9-48BB-B634-1F1577F03FB3}.AppStore|x64.ActiveCfg = Debug|Any CPU
		{34C618CD-84D9-48BB-B634-1F1577F03FB3}.AppStore|x64.Build.0 = Debug|Any CPU
		{34C618CD-84D9-48BB-B634-1F1577F03FB3}.AppStore|x86.ActiveCfg = Debug|Any CPU
		{34C618CD-84D9-48BB-B634-1F1577F03FB3}.AppStore|x86.Build.0 = Debug|Any CPU
		{34C618CD-84D9-48BB-B634-1F1577F03FB3}.Debug|Any CPU.ActiveCfg = Debug|Any CPU
		{34C618CD-84D9-48BB-B634-1F1577F03FB3}.Debug|Any CPU.Build.0 = Debug|Any CPU
		{34C618CD-84D9-48BB-B634-1F1577F03FB3}.Debug|ARM.ActiveCfg = Debug|Any CPU
		{34C618CD-84D9-48BB-B634-1F1577F03FB3}.Debug|ARM.Build.0 = Debug|Any CPU
		{34C618CD-84D9-48BB-B634-1F1577F03FB3}.Debug|iPhone.ActiveCfg = Debug|Any CPU
		{34C618CD-84D9-48BB-B634-1F1577F03FB3}.Debug|iPhone.Build.0 = Debug|Any CPU
		{34C618CD-84D9-48BB-B634-1F1577F03FB3}.Debug|iPhoneSimulator.ActiveCfg = Debug|Any CPU
		{34C618CD-84D9-48BB-B634-1F1577F03FB3}.Debug|iPhoneSimulator.Build.0 = Debug|Any CPU
		{34C618CD-84D9-48BB-B634-1F1577F03FB3}.Debug|x64.ActiveCfg = Debug|Any CPU
		{34C618CD-84D9-48BB-B634-1F1577F03FB3}.Debug|x64.Build.0 = Debug|Any CPU
		{34C618CD-84D9-48BB-B634-1F1577F03FB3}.Debug|x86.ActiveCfg = Debug|Any CPU
		{34C618CD-84D9-48BB-B634-1F1577F03FB3}.Debug|x86.Build.0 = Debug|Any CPU
		{34C618CD-84D9-48BB-B634-1F1577F03FB3}.Release|Any CPU.ActiveCfg = Release|Any CPU
		{34C618CD-84D9-48BB-B634-1F1577F03FB3}.Release|Any CPU.Build.0 = Release|Any CPU
		{34C618CD-84D9-48BB-B634-1F1577F03FB3}.Release|ARM.ActiveCfg = Release|Any CPU
		{34C618CD-84D9-48BB-B634-1F1577F03FB3}.Release|ARM.Build.0 = Release|Any CPU
		{34C618CD-84D9-48BB-B634-1F1577F03FB3}.Release|iPhone.ActiveCfg = Release|Any CPU
		{34C618CD-84D9-48BB-B634-1F1577F03FB3}.Release|iPhone.Build.0 = Release|Any CPU
		{34C618CD-84D9-48BB-B634-1F1577F03FB3}.Release|iPhoneSimulator.ActiveCfg = Release|Any CPU
		{34C618CD-84D9-48BB-B634-1F1577F03FB3}.Release|iPhoneSimulator.Build.0 = Release|Any CPU
		{34C618CD-84D9-48BB-B634-1F1577F03FB3}.Release|x64.ActiveCfg = Release|Any CPU
		{34C618CD-84D9-48BB-B634-1F1577F03FB3}.Release|x64.Build.0 = Release|Any CPU
		{34C618CD-84D9-48BB-B634-1F1577F03FB3}.Release|x86.ActiveCfg = Release|Any CPU
		{34C618CD-84D9-48BB-B634-1F1577F03FB3}.Release|x86.Build.0 = Release|Any CPU
		{1FB68224-22EA-47A2-AB8C-528951E3CC78}.Ad-Hoc|Any CPU.ActiveCfg = Debug|Any CPU
		{1FB68224-22EA-47A2-AB8C-528951E3CC78}.Ad-Hoc|Any CPU.Build.0 = Debug|Any CPU
		{1FB68224-22EA-47A2-AB8C-528951E3CC78}.Ad-Hoc|ARM.ActiveCfg = Debug|Any CPU
		{1FB68224-22EA-47A2-AB8C-528951E3CC78}.Ad-Hoc|ARM.Build.0 = Debug|Any CPU
		{1FB68224-22EA-47A2-AB8C-528951E3CC78}.Ad-Hoc|iPhone.ActiveCfg = Debug|Any CPU
		{1FB68224-22EA-47A2-AB8C-528951E3CC78}.Ad-Hoc|iPhone.Build.0 = Debug|Any CPU
		{1FB68224-22EA-47A2-AB8C-528951E3CC78}.Ad-Hoc|iPhoneSimulator.ActiveCfg = Debug|Any CPU
		{1FB68224-22EA-47A2-AB8C-528951E3CC78}.Ad-Hoc|iPhoneSimulator.Build.0 = Debug|Any CPU
		{1FB68224-22EA-47A2-AB8C-528951E3CC78}.Ad-Hoc|x64.ActiveCfg = Debug|Any CPU
		{1FB68224-22EA-47A2-AB8C-528951E3CC78}.Ad-Hoc|x64.Build.0 = Debug|Any CPU
		{1FB68224-22EA-47A2-AB8C-528951E3CC78}.Ad-Hoc|x86.ActiveCfg = Debug|Any CPU
		{1FB68224-22EA-47A2-AB8C-528951E3CC78}.Ad-Hoc|x86.Build.0 = Debug|Any CPU
		{1FB68224-22EA-47A2-AB8C-528951E3CC78}.AppStore|Any CPU.ActiveCfg = Debug|Any CPU
		{1FB68224-22EA-47A2-AB8C-528951E3CC78}.AppStore|Any CPU.Build.0 = Debug|Any CPU
		{1FB68224-22EA-47A2-AB8C-528951E3CC78}.AppStore|ARM.ActiveCfg = Debug|Any CPU
		{1FB68224-22EA-47A2-AB8C-528951E3CC78}.AppStore|ARM.Build.0 = Debug|Any CPU
		{1FB68224-22EA-47A2-AB8C-528951E3CC78}.AppStore|iPhone.ActiveCfg = Debug|Any CPU
		{1FB68224-22EA-47A2-AB8C-528951E3CC78}.AppStore|iPhone.Build.0 = Debug|Any CPU
		{1FB68224-22EA-47A2-AB8C-528951E3CC78}.AppStore|iPhoneSimulator.ActiveCfg = Debug|Any CPU
		{1FB68224-22EA-47A2-AB8C-528951E3CC78}.AppStore|iPhoneSimulator.Build.0 = Debug|Any CPU
		{1FB68224-22EA-47A2-AB8C-528951E3CC78}.AppStore|x64.ActiveCfg = Debug|Any CPU
		{1FB68224-22EA-47A2-AB8C-528951E3CC78}.AppStore|x64.Build.0 = Debug|Any CPU
		{1FB68224-22EA-47A2-AB8C-528951E3CC78}.AppStore|x86.ActiveCfg = Debug|Any CPU
		{1FB68224-22EA-47A2-AB8C-528951E3CC78}.AppStore|x86.Build.0 = Debug|Any CPU
		{1FB68224-22EA-47A2-AB8C-528951E3CC78}.Debug|Any CPU.ActiveCfg = Debug|Any CPU
		{1FB68224-22EA-47A2-AB8C-528951E3CC78}.Debug|Any CPU.Build.0 = Debug|Any CPU
		{1FB68224-22EA-47A2-AB8C-528951E3CC78}.Debug|ARM.ActiveCfg = Debug|Any CPU
		{1FB68224-22EA-47A2-AB8C-528951E3CC78}.Debug|ARM.Build.0 = Debug|Any CPU
		{1FB68224-22EA-47A2-AB8C-528951E3CC78}.Debug|iPhone.ActiveCfg = Debug|Any CPU
		{1FB68224-22EA-47A2-AB8C-528951E3CC78}.Debug|iPhone.Build.0 = Debug|Any CPU
		{1FB68224-22EA-47A2-AB8C-528951E3CC78}.Debug|iPhoneSimulator.ActiveCfg = Debug|Any CPU
		{1FB68224-22EA-47A2-AB8C-528951E3CC78}.Debug|iPhoneSimulator.Build.0 = Debug|Any CPU
		{1FB68224-22EA-47A2-AB8C-528951E3CC78}.Debug|x64.ActiveCfg = Debug|Any CPU
		{1FB68224-22EA-47A2-AB8C-528951E3CC78}.Debug|x64.Build.0 = Debug|Any CPU
		{1FB68224-22EA-47A2-AB8C-528951E3CC78}.Debug|x86.ActiveCfg = Debug|Any CPU
		{1FB68224-22EA-47A2-AB8C-528951E3CC78}.Debug|x86.Build.0 = Debug|Any CPU
		{1FB68224-22EA-47A2-AB8C-528951E3CC78}.Release|Any CPU.ActiveCfg = Release|Any CPU
		{1FB68224-22EA-47A2-AB8C-528951E3CC78}.Release|Any CPU.Build.0 = Release|Any CPU
		{1FB68224-22EA-47A2-AB8C-528951E3CC78}.Release|ARM.ActiveCfg = Release|Any CPU
		{1FB68224-22EA-47A2-AB8C-528951E3CC78}.Release|ARM.Build.0 = Release|Any CPU
		{1FB68224-22EA-47A2-AB8C-528951E3CC78}.Release|iPhone.ActiveCfg = Release|Any CPU
		{1FB68224-22EA-47A2-AB8C-528951E3CC78}.Release|iPhone.Build.0 = Release|Any CPU
		{1FB68224-22EA-47A2-AB8C-528951E3CC78}.Release|iPhoneSimulator.ActiveCfg = Release|Any CPU
		{1FB68224-22EA-47A2-AB8C-528951E3CC78}.Release|iPhoneSimulator.Build.0 = Release|Any CPU
		{1FB68224-22EA-47A2-AB8C-528951E3CC78}.Release|x64.ActiveCfg = Release|Any CPU
		{1FB68224-22EA-47A2-AB8C-528951E3CC78}.Release|x64.Build.0 = Release|Any CPU
		{1FB68224-22EA-47A2-AB8C-528951E3CC78}.Release|x86.ActiveCfg = Release|Any CPU
		{1FB68224-22EA-47A2-AB8C-528951E3CC78}.Release|x86.Build.0 = Release|Any CPU
	EndGlobalSection
	GlobalSection(SolutionProperties) = preSolution
		HideSolutionNode = FALSE
	EndGlobalSection
	GlobalSection(ExtensibilityGlobals) = postSolution
		SolutionGuid = {01A0CC46-B7E3-485E-A599-C7D5E5C2ED1C}
	EndGlobalSection
EndGlobal
