
Microsoft Visual Studio Solution File, Format Version 12.00
# Visual Studio 15
VisualStudioVersion = 15.0.27428.2015
MinimumVisualStudioVersion = 10.0.40219.1
Project("{9A19103F-16F7-4668-BE54-9A1E7A4F7556}") = "MetinGo.ApiModel", "MetinGo.ApiModel\MetinGo.ApiModel.csproj", "{8A32044C-6916-471B-9295-ACB1AACB8F5A}"
EndProject
Project("{9A19103F-16F7-4668-BE54-9A1E7A4F7556}") = "MetinGo.Server", "MetinGo.Server\MetinGo.Server.csproj", "{B2BACD17-CCDF-4D8B-8CE5-22A032C410A5}"
EndProject
Project("{FAE04EC0-301F-11D3-BF4B-00C04F79EFBC}") = "MetinGo.Fight", "MetinGo.Fight\MetinGo.Fight.csproj", "{FCAD3E1A-9E6A-4563-8CBA-C45311F06D70}"
EndProject
Project("{FAE04EC0-301F-11D3-BF4B-00C04F79EFBC}") = "MetinGo.Common", "MetinGo.Common\MetinGo.Common.csproj", "{BE882531-4842-4B30-8654-C39CA18D939E}"
EndProject
Global
	GlobalSection(SolutionConfigurationPlatforms) = preSolution
		Debug|Any CPU = Debug|Any CPU
		Release|Any CPU = Release|Any CPU
	EndGlobalSection
	GlobalSection(ProjectConfigurationPlatforms) = postSolution
		{8A32044C-6916-471B-9295-ACB1AACB8F5A}.Debug|Any CPU.ActiveCfg = Debug|Any CPU
		{8A32044C-6916-471B-9295-ACB1AACB8F5A}.Debug|Any CPU.Build.0 = Debug|Any CPU
		{8A32044C-6916-471B-9295-ACB1AACB8F5A}.Release|Any CPU.ActiveCfg = Release|Any CPU
		{8A32044C-6916-471B-9295-ACB1AACB8F5A}.Release|Any CPU.Build.0 = Release|Any CPU
		{B2BACD17-CCDF-4D8B-8CE5-22A032C410A5}.Debug|Any CPU.ActiveCfg = Debug|Any CPU
		{B2BACD17-CCDF-4D8B-8CE5-22A032C410A5}.Debug|Any CPU.Build.0 = Debug|Any CPU
		{B2BACD17-CCDF-4D8B-8CE5-22A032C410A5}.Release|Any CPU.ActiveCfg = Release|Any CPU
		{B2BACD17-CCDF-4D8B-8CE5-22A032C410A5}.Release|Any CPU.Build.0 = Release|Any CPU
		{FCAD3E1A-9E6A-4563-8CBA-C45311F06D70}.Debug|Any CPU.ActiveCfg = Debug|Any CPU
		{FCAD3E1A-9E6A-4563-8CBA-C45311F06D70}.Debug|Any CPU.Build.0 = Debug|Any CPU
		{FCAD3E1A-9E6A-4563-8CBA-C45311F06D70}.Release|Any CPU.ActiveCfg = Release|Any CPU
		{FCAD3E1A-9E6A-4563-8CBA-C45311F06D70}.Release|Any CPU.Build.0 = Release|Any CPU
		{BE882531-4842-4B30-8654-C39CA18D939E}.Debug|Any CPU.ActiveCfg = Debug|Any CPU
		{BE882531-4842-4B30-8654-C39CA18D939E}.Debug|Any CPU.Build.0 = Debug|Any CPU
		{BE882531-4842-4B30-8654-C39CA18D939E}.Release|Any CPU.ActiveCfg = Release|Any CPU
		{BE882531-4842-4B30-8654-C39CA18D939E}.Release|Any CPU.Build.0 = Release|Any CPU
	EndGlobalSection
	GlobalSection(SolutionProperties) = preSolution
		HideSolutionNode = FALSE
	EndGlobalSection
	GlobalSection(ExtensibilityGlobals) = postSolution
		SolutionGuid = {827FA350-5E56-479F-A4B3-1C1537319CBD}
	EndGlobalSection
EndGlobal
